<Solution>
  <Folder Name="/src/">
    <Project Path="src/RestauranteVentas.Aplicacion/RestauranteVentas.Aplicacion.csproj" />
    <Project Path="src/RestauranteVentas.Dominio/RestauranteVentas.Dominio.csproj" />
  </Folder>
  <Folder Name="/tests/">
    <Project Path="tests/RestauranteVentas.Aplicacion.Tests/RestauranteVentas.Aplicacion.Tests.csproj" />
    <Project Path="tests/RestauranteVentas.Dominio.Tests/RestauranteVentas.Dominio.Tests.csproj" />
  </Folder>
</Solution>
